
Microsoft Visual Studio Solution File, Format Version 12.00
# Visual Studio Version 16
VisualStudioVersion = 16.0.31911.196
MinimumVisualStudioVersion = 10.0.40219.1
Project("{FAE04EC0-301F-11D3-BF4B-00C04F79EFBC}") = "MockPractical.Server", "MockPractical\Server\MockPractical.Server.csproj", "{B4DA03EC-7F0B-4912-B0C8-A40A4641EADA}"
EndProject
Project("{FAE04EC0-301F-11D3-BF4B-00C04F79EFBC}") = "MockPractical.Client", "MockPractical\Client\MockPractical.Client.csproj", "{6BD489F5-88BD-484F-B2F9-6063587BBCBA}"
EndProject
Project("{FAE04EC0-301F-11D3-BF4B-00C04F79EFBC}") = "MockPractical.Shared", "MockPractical\Shared\MockPractical.Shared.csproj", "{472D7A97-5EAB-4445-ACE3-B2E01167D722}"
EndProject
Global
	GlobalSection(SolutionConfigurationPlatforms) = preSolution
		Debug|Any CPU = Debug|Any CPU
		Release|Any CPU = Release|Any CPU
	EndGlobalSection
	GlobalSection(ProjectConfigurationPlatforms) = postSolution
		{B4DA03EC-7F0B-4912-B0C8-A40A4641EADA}.Debug|Any CPU.ActiveCfg = Debug|Any CPU
		{B4DA03EC-7F0B-4912-B0C8-A40A4641EADA}.Debug|Any CPU.Build.0 = Debug|Any CPU
		{B4DA03EC-7F0B-4912-B0C8-A40A4641EADA}.Release|Any CPU.ActiveCfg = Release|Any CPU
		{B4DA03EC-7F0B-4912-B0C8-A40A4641EADA}.Release|Any CPU.Build.0 = Release|Any CPU
		{6BD489F5-88BD-484F-B2F9-6063587BBCBA}.Debug|Any CPU.ActiveCfg = Debug|Any CPU
		{6BD489F5-88BD-484F-B2F9-6063587BBCBA}.Debug|Any CPU.Build.0 = Debug|Any CPU
		{6BD489F5-88BD-484F-B2F9-6063587BBCBA}.Release|Any CPU.ActiveCfg = Release|Any CPU
		{6BD489F5-88BD-484F-B2F9-6063587BBCBA}.Release|Any CPU.Build.0 = Release|Any CPU
		{472D7A97-5EAB-4445-ACE3-B2E01167D722}.Debug|Any CPU.ActiveCfg = Debug|Any CPU
		{472D7A97-5EAB-4445-ACE3-B2E01167D722}.Debug|Any CPU.Build.0 = Debug|Any CPU
		{472D7A97-5EAB-4445-ACE3-B2E01167D722}.Release|Any CPU.ActiveCfg = Release|Any CPU
		{472D7A97-5EAB-4445-ACE3-B2E01167D722}.Release|Any CPU.Build.0 = Release|Any CPU
	EndGlobalSection
	GlobalSection(SolutionProperties) = preSolution
		HideSolutionNode = FALSE
	EndGlobalSection
	GlobalSection(ExtensibilityGlobals) = postSolution
		SolutionGuid = {FD4F160A-1D8E-4D4F-B929-1F9B83122998}
	EndGlobalSection
EndGlobal
